
Microsoft Visual Studio Solution File, Format Version 12.00
# Visual Studio Version 17
VisualStudioVersion = 17.6.33815.320
MinimumVisualStudioVersion = 10.0.40219.1
Project("{9A19103F-16F7-4668-BE54-9A1E7A4F7556}") = "AwsApp", "AwsApp\AwsApp.csproj", "{E436576F-3D8E-4978-A4A7-D7BE4C7EAF5E}"
EndProject
Project("{FAE04EC0-301F-11D3-BF4B-00C04F79EFBC}") = "UnitTest", "UnitTest\UnitTest.csproj", "{E3A637AD-5B97-4738-896C-E193FBED6A7B}"
EndProject
Global
	GlobalSection(SolutionConfigurationPlatforms) = preSolution
		Debug|Any CPU = Debug|Any CPU
		Release|Any CPU = Release|Any CPU
	EndGlobalSection
	GlobalSection(ProjectConfigurationPlatforms) = postSolution
		{E436576F-3D8E-4978-A4A7-D7BE4C7EAF5E}.Debug|Any CPU.ActiveCfg = Debug|Any CPU
		{E436576F-3D8E-4978-A4A7-D7BE4C7EAF5E}.Debug|Any CPU.Build.0 = Debug|Any CPU
		{E436576F-3D8E-4978-A4A7-D7BE4C7EAF5E}.Release|Any CPU.ActiveCfg = Release|Any CPU
		{E436576F-3D8E-4978-A4A7-D7BE4C7EAF5E}.Release|Any CPU.Build.0 = Release|Any CPU
		{E3A637AD-5B97-4738-896C-E193FBED6A7B}.Debug|Any CPU.ActiveCfg = Debug|Any CPU
		{E3A637AD-5B97-4738-896C-E193FBED6A7B}.Debug|Any CPU.Build.0 = Debug|Any CPU
		{E3A637AD-5B97-4738-896C-E193FBED6A7B}.Release|Any CPU.ActiveCfg = Release|Any CPU
		{E3A637AD-5B97-4738-896C-E193FBED6A7B}.Release|Any CPU.Build.0 = Release|Any CPU
	EndGlobalSection
	GlobalSection(SolutionProperties) = preSolution
		HideSolutionNode = FALSE
	EndGlobalSection
	GlobalSection(ExtensibilityGlobals) = postSolution
		SolutionGuid = {F7D705BA-DD05-4490-971A-7981985554AC}
	EndGlobalSection
EndGlobal
